
Microsoft Visual Studio Solution File, Format Version 12.00
# Visual Studio 14
VisualStudioVersion = 14.0.25420.1
MinimumVisualStudioVersion = 10.0.40219.1
Project("{FAE04EC0-301F-11D3-BF4B-00C04F79EFBC}") = "PrivateBank", "PrivateBank\PrivateBank.csproj", "{6EEC2E65-B5A4-494A-A1F5-315AE3CCFA73}"
EndProject
Project("{FAE04EC0-301F-11D3-BF4B-00C04F79EFBC}") = "PrivateBank.Tests", "PrivateBank.Tests\PrivateBank.Tests.csproj", "{21D7473D-6D76-4DC1-9811-8BC83FDC7BD5}"
EndProject
Global
	GlobalSection(SolutionConfigurationPlatforms) = preSolution
		Debug|Any CPU = Debug|Any CPU
		Release|Any CPU = Release|Any CPU
	EndGlobalSection
	GlobalSection(ProjectConfigurationPlatforms) = postSolution
		{6EEC2E65-B5A4-494A-A1F5-315AE3CCFA73}.Debug|Any CPU.ActiveCfg = Debug|Any CPU
		{6EEC2E65-B5A4-494A-A1F5-315AE3CCFA73}.Debug|Any CPU.Build.0 = Debug|Any CPU
		{6EEC2E65-B5A4-494A-A1F5-315AE3CCFA73}.Release|Any CPU.ActiveCfg = Release|Any CPU
		{6EEC2E65-B5A4-494A-A1F5-315AE3CCFA73}.Release|Any CPU.Build.0 = Release|Any CPU
		{21D7473D-6D76-4DC1-9811-8BC83FDC7BD5}.Debug|Any CPU.ActiveCfg = Debug|Any CPU
		{21D7473D-6D76-4DC1-9811-8BC83FDC7BD5}.Debug|Any CPU.Build.0 = Debug|Any CPU
		{21D7473D-6D76-4DC1-9811-8BC83FDC7BD5}.Release|Any CPU.ActiveCfg = Release|Any CPU
		{21D7473D-6D76-4DC1-9811-8BC83FDC7BD5}.Release|Any CPU.Build.0 = Release|Any CPU
	EndGlobalSection
	GlobalSection(SolutionProperties) = preSolution
		HideSolutionNode = FALSE
	EndGlobalSection
EndGlobal
